// !$*UTF8*$!
{
	archiveVersion = 1;
	classes = {
	};
	objectVersion = 55;
	objects = {

/* Begin PBXBuildFile section */
		CA21C4EC294AB3AE0043231F /* Reusable.swift in Sources */ = {isa = PBXBuildFile; fileRef = CA21C4EB294AB3AE0043231F /* Reusable.swift */; };
		CA21C4F4294B5BD10043231F /* MovieResult.swift in Sources */ = {isa = PBXBuildFile; fileRef = CA21C4F3294B5BD10043231F /* MovieResult.swift */; };
		CA21C4F6295283370043231F /* UpcomingCellViewModelProtocol.swift in Sources */ = {isa = PBXBuildFile; fileRef = CA21C4F5295283370043231F /* UpcomingCellViewModelProtocol.swift */; };
		CA21C4F8295285A80043231F /* Paginable.swift in Sources */ = {isa = PBXBuildFile; fileRef = CA21C4F7295285A80043231F /* Paginable.swift */; };
		CA21C4FB29528C9B0043231F /* DefaultLoaderView.swift in Sources */ = {isa = PBXBuildFile; fileRef = CA21C4FA29528C9B0043231F /* DefaultLoaderView.swift */; };
		CA21C4FD29528D5D0043231F /* UIView+Layout.swift in Sources */ = {isa = PBXBuildFile; fileRef = CA21C4FC29528D5D0043231F /* UIView+Layout.swift */; };
		CA21C50029528F0D0043231F /* LoadingDiplaylable.swift in Sources */ = {isa = PBXBuildFile; fileRef = CA21C4FF29528F0D0043231F /* LoadingDiplaylable.swift */; };
		CA21C50329528FB70043231F /* LoadingViewProtocol.swift in Sources */ = {isa = PBXBuildFile; fileRef = CA21C50229528FB70043231F /* LoadingViewProtocol.swift */; };
		CA21C5052952911A0043231F /* Displaylable.swift in Sources */ = {isa = PBXBuildFile; fileRef = CA21C5042952911A0043231F /* Displaylable.swift */; };
		CA21C50829529B180043231F /* DefaultRefreshControl.swift in Sources */ = {isa = PBXBuildFile; fileRef = CA21C50729529B180043231F /* DefaultRefreshControl.swift */; };
		CA21C50A295321130043231F /* CollectionViewPrefetchedDataSource.swift in Sources */ = {isa = PBXBuildFile; fileRef = CA21C509295321130043231F /* CollectionViewPrefetchedDataSource.swift */; };
		CA21C50C2953EDCD0043231F /* Genre.swift in Sources */ = {isa = PBXBuildFile; fileRef = CA21C50B2953EDCD0043231F /* Genre.swift */; };
		CA33C95C2980A75D005DE009 /* LoginViewController.swift in Sources */ = {isa = PBXBuildFile; fileRef = CA33C95B2980A75D005DE009 /* LoginViewController.swift */; };
		CA33C9642980B6DF005DE009 /* AuthEndpoint.swift in Sources */ = {isa = PBXBuildFile; fileRef = CA33C9632980B6DF005DE009 /* AuthEndpoint.swift */; };
		CA33C9662980BBA4005DE009 /* AuthClient.swift in Sources */ = {isa = PBXBuildFile; fileRef = CA33C9652980BBA4005DE009 /* AuthClient.swift */; };
		CA33C9682980BC14005DE009 /* AuthResponse.swift in Sources */ = {isa = PBXBuildFile; fileRef = CA33C9672980BC14005DE009 /* AuthResponse.swift */; };
		CA383B3E2895839F002E4408 /* AppDelegate.swift in Sources */ = {isa = PBXBuildFile; fileRef = CA383B3D2895839F002E4408 /* AppDelegate.swift */; };
		CA383B402895839F002E4408 /* SceneDelegate.swift in Sources */ = {isa = PBXBuildFile; fileRef = CA383B3F2895839F002E4408 /* SceneDelegate.swift */; };
		CA383B422895839F002E4408 /* UpcomingViewController.swift in Sources */ = {isa = PBXBuildFile; fileRef = CA383B412895839F002E4408 /* UpcomingViewController.swift */; };
		CA383B47289583A0002E4408 /* Assets.xcassets in Resources */ = {isa = PBXBuildFile; fileRef = CA383B46289583A0002E4408 /* Assets.xcassets */; };
		CA383B4A289583A0002E4408 /* LaunchScreen.storyboard in Resources */ = {isa = PBXBuildFile; fileRef = CA383B48289583A0002E4408 /* LaunchScreen.storyboard */; };
		CA4FB9A929E77EB00004972E /* MovieDetailsCastCell.swift in Sources */ = {isa = PBXBuildFile; fileRef = CA4FB9A829E77EB00004972E /* MovieDetailsCastCell.swift */; };
		CA4FB9AB29E7816C0004972E /* MovieDetailCastViewModel.swift in Sources */ = {isa = PBXBuildFile; fileRef = CA4FB9AA29E7816C0004972E /* MovieDetailCastViewModel.swift */; };
		CA4FB9AF29E783A60004972E /* MovieDetailsRelatedCell.swift in Sources */ = {isa = PBXBuildFile; fileRef = CA4FB9AE29E783A60004972E /* MovieDetailsRelatedCell.swift */; };
		CA4FB9B129E783C40004972E /* MovieDetailsRelatedViewModel.swift in Sources */ = {isa = PBXBuildFile; fileRef = CA4FB9B029E783C40004972E /* MovieDetailsRelatedViewModel.swift */; };
		CA4FB9B329EF5A350004972E /* UIImageView+Gradient.swift in Sources */ = {isa = PBXBuildFile; fileRef = CA4FB9B229EF5A350004972E /* UIImageView+Gradient.swift */; };
		CA4FB9B529EF5EE40004972E /* ContentViewHorizontalCollection.swift in Sources */ = {isa = PBXBuildFile; fileRef = CA4FB9B429EF5EE40004972E /* ContentViewHorizontalCollection.swift */; };
		CA4FB9B729F040500004972E /* HorizontalFlowLayout.swift in Sources */ = {isa = PBXBuildFile; fileRef = CA4FB9B629F040500004972E /* HorizontalFlowLayout.swift */; };
		CA4FB9B929F08E5D0004972E /* UIImageView+CropedImage.swift in Sources */ = {isa = PBXBuildFile; fileRef = CA4FB9B829F08E5D0004972E /* UIImageView+CropedImage.swift */; };
		CA605FC029BA8F390003CEC3 /* UpcomingMoviesRouter.swift in Sources */ = {isa = PBXBuildFile; fileRef = CA605FBF29BA8F390003CEC3 /* UpcomingMoviesRouter.swift */; };
		CA605FC329BA94EB0003CEC3 /* UpcomingMoviesInteractor.swift in Sources */ = {isa = PBXBuildFile; fileRef = CA605FC229BA94EB0003CEC3 /* UpcomingMoviesInteractor.swift */; };
		CA605FC629BA9BC70003CEC3 /* UpcomingNetworkWorker.swift in Sources */ = {isa = PBXBuildFile; fileRef = CA605FC529BA9BC70003CEC3 /* UpcomingNetworkWorker.swift */; };
		CA605FC929BA9C760003CEC3 /* UpcomingPresenter.swift in Sources */ = {isa = PBXBuildFile; fileRef = CA605FC829BA9C760003CEC3 /* UpcomingPresenter.swift */; };
		CA605FCF29BE6E0A0003CEC3 /* LoginPresenter.swift in Sources */ = {isa = PBXBuildFile; fileRef = CA605FCE29BE6E0A0003CEC3 /* LoginPresenter.swift */; };
		CA605FD129BE6E1D0003CEC3 /* LoginNetworkWorker.swift in Sources */ = {isa = PBXBuildFile; fileRef = CA605FD029BE6E1D0003CEC3 /* LoginNetworkWorker.swift */; };
		CA605FD329BE6E2A0003CEC3 /* LoginInteractor.swift in Sources */ = {isa = PBXBuildFile; fileRef = CA605FD229BE6E2A0003CEC3 /* LoginInteractor.swift */; };
		CA605FD529BE6E350003CEC3 /* LoginRouter.swift in Sources */ = {isa = PBXBuildFile; fileRef = CA605FD429BE6E350003CEC3 /* LoginRouter.swift */; };
		CA62BBDD2A7281D7004BCDF1 /* PaginableTests.swift in Sources */ = {isa = PBXBuildFile; fileRef = CA62BBDC2A7281D7004BCDF1 /* PaginableTests.swift */; };
		CA62BBE32A7282A8004BCDF1 /* MovieResult.swift in Sources */ = {isa = PBXBuildFile; fileRef = CA21C4F3294B5BD10043231F /* MovieResult.swift */; };
		CA62BBE42A7282B5004BCDF1 /* Paginable.swift in Sources */ = {isa = PBXBuildFile; fileRef = CA21C4F7295285A80043231F /* Paginable.swift */; };
		CA62BBE52A728381004BCDF1 /* Movie.swift in Sources */ = {isa = PBXBuildFile; fileRef = CAF815EA289726FD00B7B26E /* Movie.swift */; };
		CA67017A29DE1BC000A9AD25 /* MovieDetailsRouter.swift in Sources */ = {isa = PBXBuildFile; fileRef = CA67017929DE1BC000A9AD25 /* MovieDetailsRouter.swift */; };
		CA67017C29DE1BD600A9AD25 /* MovieDetailsInteractor.swift in Sources */ = {isa = PBXBuildFile; fileRef = CA67017B29DE1BD600A9AD25 /* MovieDetailsInteractor.swift */; };
		CA67017E29DE1BEA00A9AD25 /* MovieDetailsWorker.swift in Sources */ = {isa = PBXBuildFile; fileRef = CA67017D29DE1BEA00A9AD25 /* MovieDetailsWorker.swift */; };
		CA67018029DE1BF600A9AD25 /* MovieDetailsPresenter.swift in Sources */ = {isa = PBXBuildFile; fileRef = CA67017F29DE1BF600A9AD25 /* MovieDetailsPresenter.swift */; };
		CA67018229DE1DB100A9AD25 /* MovieDetails.swift in Sources */ = {isa = PBXBuildFile; fileRef = CA67018129DE1DB100A9AD25 /* MovieDetails.swift */; };
		CA67018429DE204A00A9AD25 /* MovieCredits.swift in Sources */ = {isa = PBXBuildFile; fileRef = CA67018329DE204A00A9AD25 /* MovieCredits.swift */; };
		CA67018629DE208100A9AD25 /* Cast.swift in Sources */ = {isa = PBXBuildFile; fileRef = CA67018529DE208100A9AD25 /* Cast.swift */; };
		CA67018829DE20FB00A9AD25 /* Crew.swift in Sources */ = {isa = PBXBuildFile; fileRef = CA67018729DE20FB00A9AD25 /* Crew.swift */; };
		CA67018B29DE25E900A9AD25 /* TrailerResponse.swift in Sources */ = {isa = PBXBuildFile; fileRef = CA67018A29DE25E900A9AD25 /* TrailerResponse.swift */; };
		CA67018D29DE261100A9AD25 /* Trailer.swift in Sources */ = {isa = PBXBuildFile; fileRef = CA67018C29DE261100A9AD25 /* Trailer.swift */; };
		CA67019129DE2DE900A9AD25 /* RelatedMoviesResponse.swift in Sources */ = {isa = PBXBuildFile; fileRef = CA67019029DE2DE900A9AD25 /* RelatedMoviesResponse.swift */; };
		CA67019329DE2DF200A9AD25 /* RelatedMovie.swift in Sources */ = {isa = PBXBuildFile; fileRef = CA67019229DE2DF200A9AD25 /* RelatedMovie.swift */; };
		CA784807297975090089C75B /* DetailsModel.swift in Sources */ = {isa = PBXBuildFile; fileRef = CA784806297975090089C75B /* DetailsModel.swift */; };
		CA8291FE2899B98D00FA6BCC /* Observable.swift in Sources */ = {isa = PBXBuildFile; fileRef = CA8291FD2899B98D00FA6BCC /* Observable.swift */; };
		CA8292032899C73500FA6BCC /* UpcomingTableViewCell.swift in Sources */ = {isa = PBXBuildFile; fileRef = CA8292022899C73500FA6BCC /* UpcomingTableViewCell.swift */; };
		CA8292062899CEA200FA6BCC /* MovieDetailsViewController.swift in Sources */ = {isa = PBXBuildFile; fileRef = CA8292052899CEA200FA6BCC /* MovieDetailsViewController.swift */; };
		CA82920F2899F5A600FA6BCC /* UIImageView+SetImage.swift in Sources */ = {isa = PBXBuildFile; fileRef = CA82920E2899F5A600FA6BCC /* UIImageView+SetImage.swift */; };
		CA9007562A1F81F500803CE0 /* ScreenFabricMovieDetails.swift in Sources */ = {isa = PBXBuildFile; fileRef = CA9007552A1F81F500803CE0 /* ScreenFabricMovieDetails.swift */; };
		CA9007582A1F820300803CE0 /* ScreenFabricUpcomingMovies.swift in Sources */ = {isa = PBXBuildFile; fileRef = CA9007572A1F820300803CE0 /* ScreenFabricUpcomingMovies.swift */; };
		CA90075A2A1F822D00803CE0 /* ScreenFabricLogin.swift in Sources */ = {isa = PBXBuildFile; fileRef = CA9007592A1F822D00803CE0 /* ScreenFabricLogin.swift */; };
		CA93CDBB299E64E700D9A6B3 /* SDWebImage in Frameworks */ = {isa = PBXBuildFile; productRef = CA93CDBA299E64E700D9A6B3 /* SDWebImage */; };
		CAC4A6482941618500F7F028 /* DefaultCollectionViewDataSource.swift in Sources */ = {isa = PBXBuildFile; fileRef = CAC4A6472941618500F7F028 /* DefaultCollectionViewDataSource.swift */; };
		CAC4A64A29416A8700F7F028 /* UpcomingCellViewModel.swift in Sources */ = {isa = PBXBuildFile; fileRef = CAC4A64929416A8700F7F028 /* UpcomingCellViewModel.swift */; };
		CAC4A64C29416FF800F7F028 /* VerticalFlowLayout.swift in Sources */ = {isa = PBXBuildFile; fileRef = CAC4A64B29416FF800F7F028 /* VerticalFlowLayout.swift */; };
		CAF815DB289725A500B7B26E /* Endpoint.swift in Sources */ = {isa = PBXBuildFile; fileRef = CAF815DA289725A500B7B26E /* Endpoint.swift */; };
		CAF815DD289725CC00B7B26E /* APIClient.swift in Sources */ = {isa = PBXBuildFile; fileRef = CAF815DC289725CC00B7B26E /* APIClient.swift */; };
		CAF815DF289725F600B7B26E /* RequestMethod.swift in Sources */ = {isa = PBXBuildFile; fileRef = CAF815DE289725F600B7B26E /* RequestMethod.swift */; };
		CAF815E12897261100B7B26E /* RequestError.swift in Sources */ = {isa = PBXBuildFile; fileRef = CAF815E02897261100B7B26E /* RequestError.swift */; };
		CAF815E52897266D00B7B26E /* MoviesEndpoint.swift in Sources */ = {isa = PBXBuildFile; fileRef = CAF815E42897266D00B7B26E /* MoviesEndpoint.swift */; };
		CAF815E8289726B700B7B26E /* MovieClient.swift in Sources */ = {isa = PBXBuildFile; fileRef = CAF815E7289726B700B7B26E /* MovieClient.swift */; };
		CAF815EB289726FD00B7B26E /* Movie.swift in Sources */ = {isa = PBXBuildFile; fileRef = CAF815EA289726FD00B7B26E /* Movie.swift */; };
		CAF815ED2897272800B7B26E /* TopRated.swift in Sources */ = {isa = PBXBuildFile; fileRef = CAF815EC2897272800B7B26E /* TopRated.swift */; };
/* End PBXBuildFile section */

/* Begin PBXContainerItemProxy section */
		CA62BBDE2A7281D7004BCDF1 /* PBXContainerItemProxy */ = {
			isa = PBXContainerItemProxy;
			containerPortal = CA383B322895839F002E4408 /* Project object */;
			proxyType = 1;
			remoteGlobalIDString = CA383B392895839F002E4408;
			remoteInfo = "Mentoring-O1";
		};
/* End PBXContainerItemProxy section */

/* Begin PBXFileReference section */
		CA21C4EB294AB3AE0043231F /* Reusable.swift */ = {isa = PBXFileReference; lastKnownFileType = sourcecode.swift; path = Reusable.swift; sourceTree = "<group>"; };
		CA21C4F3294B5BD10043231F /* MovieResult.swift */ = {isa = PBXFileReference; lastKnownFileType = sourcecode.swift; path = MovieResult.swift; sourceTree = "<group>"; };
		CA21C4F5295283370043231F /* UpcomingCellViewModelProtocol.swift */ = {isa = PBXFileReference; lastKnownFileType = sourcecode.swift; path = UpcomingCellViewModelProtocol.swift; sourceTree = "<group>"; };
		CA21C4F7295285A80043231F /* Paginable.swift */ = {isa = PBXFileReference; lastKnownFileType = sourcecode.swift; path = Paginable.swift; sourceTree = "<group>"; };
		CA21C4FA29528C9B0043231F /* DefaultLoaderView.swift */ = {isa = PBXFileReference; lastKnownFileType = sourcecode.swift; path = DefaultLoaderView.swift; sourceTree = "<group>"; };
		CA21C4FC29528D5D0043231F /* UIView+Layout.swift */ = {isa = PBXFileReference; lastKnownFileType = sourcecode.swift; path = "UIView+Layout.swift"; sourceTree = "<group>"; };
		CA21C4FF29528F0D0043231F /* LoadingDiplaylable.swift */ = {isa = PBXFileReference; lastKnownFileType = sourcecode.swift; path = LoadingDiplaylable.swift; sourceTree = "<group>"; };
		CA21C50229528FB70043231F /* LoadingViewProtocol.swift */ = {isa = PBXFileReference; lastKnownFileType = sourcecode.swift; path = LoadingViewProtocol.swift; sourceTree = "<group>"; };
		CA21C5042952911A0043231F /* Displaylable.swift */ = {isa = PBXFileReference; lastKnownFileType = sourcecode.swift; path = Displaylable.swift; sourceTree = "<group>"; };
		CA21C50729529B180043231F /* DefaultRefreshControl.swift */ = {isa = PBXFileReference; lastKnownFileType = sourcecode.swift; path = DefaultRefreshControl.swift; sourceTree = "<group>"; };
		CA21C509295321130043231F /* CollectionViewPrefetchedDataSource.swift */ = {isa = PBXFileReference; lastKnownFileType = sourcecode.swift; path = CollectionViewPrefetchedDataSource.swift; sourceTree = "<group>"; };
		CA21C50B2953EDCD0043231F /* Genre.swift */ = {isa = PBXFileReference; lastKnownFileType = sourcecode.swift; path = Genre.swift; sourceTree = "<group>"; };
		CA33C95B2980A75D005DE009 /* LoginViewController.swift */ = {isa = PBXFileReference; lastKnownFileType = sourcecode.swift; path = LoginViewController.swift; sourceTree = "<group>"; };
		CA33C9632980B6DF005DE009 /* AuthEndpoint.swift */ = {isa = PBXFileReference; lastKnownFileType = sourcecode.swift; path = AuthEndpoint.swift; sourceTree = "<group>"; };
		CA33C9652980BBA4005DE009 /* AuthClient.swift */ = {isa = PBXFileReference; lastKnownFileType = sourcecode.swift; path = AuthClient.swift; sourceTree = "<group>"; };
		CA33C9672980BC14005DE009 /* AuthResponse.swift */ = {isa = PBXFileReference; lastKnownFileType = sourcecode.swift; path = AuthResponse.swift; sourceTree = "<group>"; };
		CA383B3A2895839F002E4408 /* Mentoring-O1.app */ = {isa = PBXFileReference; explicitFileType = wrapper.application; includeInIndex = 0; path = "Mentoring-O1.app"; sourceTree = BUILT_PRODUCTS_DIR; };
		CA383B3D2895839F002E4408 /* AppDelegate.swift */ = {isa = PBXFileReference; lastKnownFileType = sourcecode.swift; path = AppDelegate.swift; sourceTree = "<group>"; };
		CA383B3F2895839F002E4408 /* SceneDelegate.swift */ = {isa = PBXFileReference; lastKnownFileType = sourcecode.swift; path = SceneDelegate.swift; sourceTree = "<group>"; };
		CA383B412895839F002E4408 /* UpcomingViewController.swift */ = {isa = PBXFileReference; lastKnownFileType = sourcecode.swift; path = UpcomingViewController.swift; sourceTree = "<group>"; };
		CA383B46289583A0002E4408 /* Assets.xcassets */ = {isa = PBXFileReference; lastKnownFileType = folder.assetcatalog; path = Assets.xcassets; sourceTree = "<group>"; };
		CA383B49289583A0002E4408 /* Base */ = {isa = PBXFileReference; lastKnownFileType = file.storyboard; name = Base; path = Base.lproj/LaunchScreen.storyboard; sourceTree = "<group>"; };
		CA383B4B289583A0002E4408 /* Info.plist */ = {isa = PBXFileReference; lastKnownFileType = text.plist.xml; path = Info.plist; sourceTree = "<group>"; };
		CA4FB9A829E77EB00004972E /* MovieDetailsCastCell.swift */ = {isa = PBXFileReference; lastKnownFileType = sourcecode.swift; path = MovieDetailsCastCell.swift; sourceTree = "<group>"; };
		CA4FB9AA29E7816C0004972E /* MovieDetailCastViewModel.swift */ = {isa = PBXFileReference; lastKnownFileType = sourcecode.swift; path = MovieDetailCastViewModel.swift; sourceTree = "<group>"; };
		CA4FB9AE29E783A60004972E /* MovieDetailsRelatedCell.swift */ = {isa = PBXFileReference; lastKnownFileType = sourcecode.swift; path = MovieDetailsRelatedCell.swift; sourceTree = "<group>"; };
		CA4FB9B029E783C40004972E /* MovieDetailsRelatedViewModel.swift */ = {isa = PBXFileReference; lastKnownFileType = sourcecode.swift; path = MovieDetailsRelatedViewModel.swift; sourceTree = "<group>"; };
		CA4FB9B229EF5A350004972E /* UIImageView+Gradient.swift */ = {isa = PBXFileReference; lastKnownFileType = sourcecode.swift; path = "UIImageView+Gradient.swift"; sourceTree = "<group>"; };
		CA4FB9B429EF5EE40004972E /* ContentViewHorizontalCollection.swift */ = {isa = PBXFileReference; lastKnownFileType = sourcecode.swift; path = ContentViewHorizontalCollection.swift; sourceTree = "<group>"; };
		CA4FB9B629F040500004972E /* HorizontalFlowLayout.swift */ = {isa = PBXFileReference; lastKnownFileType = sourcecode.swift; path = HorizontalFlowLayout.swift; sourceTree = "<group>"; };
		CA4FB9B829F08E5D0004972E /* UIImageView+CropedImage.swift */ = {isa = PBXFileReference; lastKnownFileType = sourcecode.swift; path = "UIImageView+CropedImage.swift"; sourceTree = "<group>"; };
		CA605FBF29BA8F390003CEC3 /* UpcomingMoviesRouter.swift */ = {isa = PBXFileReference; lastKnownFileType = sourcecode.swift; path = UpcomingMoviesRouter.swift; sourceTree = "<group>"; };
		CA605FC229BA94EB0003CEC3 /* UpcomingMoviesInteractor.swift */ = {isa = PBXFileReference; lastKnownFileType = sourcecode.swift; path = UpcomingMoviesInteractor.swift; sourceTree = "<group>"; };
		CA605FC529BA9BC70003CEC3 /* UpcomingNetworkWorker.swift */ = {isa = PBXFileReference; lastKnownFileType = sourcecode.swift; path = UpcomingNetworkWorker.swift; sourceTree = "<group>"; };
		CA605FC829BA9C760003CEC3 /* UpcomingPresenter.swift */ = {isa = PBXFileReference; lastKnownFileType = sourcecode.swift; path = UpcomingPresenter.swift; sourceTree = "<group>"; };
		CA605FCE29BE6E0A0003CEC3 /* LoginPresenter.swift */ = {isa = PBXFileReference; lastKnownFileType = sourcecode.swift; path = LoginPresenter.swift; sourceTree = "<group>"; };
		CA605FD029BE6E1D0003CEC3 /* LoginNetworkWorker.swift */ = {isa = PBXFileReference; lastKnownFileType = sourcecode.swift; path = LoginNetworkWorker.swift; sourceTree = "<group>"; };
		CA605FD229BE6E2A0003CEC3 /* LoginInteractor.swift */ = {isa = PBXFileReference; lastKnownFileType = sourcecode.swift; path = LoginInteractor.swift; sourceTree = "<group>"; };
		CA605FD429BE6E350003CEC3 /* LoginRouter.swift */ = {isa = PBXFileReference; lastKnownFileType = sourcecode.swift; path = LoginRouter.swift; sourceTree = "<group>"; };
		CA62BBDA2A7281D7004BCDF1 /* Mentoring-O1Tests.xctest */ = {isa = PBXFileReference; explicitFileType = wrapper.cfbundle; includeInIndex = 0; path = "Mentoring-O1Tests.xctest"; sourceTree = BUILT_PRODUCTS_DIR; };
		CA62BBDC2A7281D7004BCDF1 /* PaginableTests.swift */ = {isa = PBXFileReference; lastKnownFileType = sourcecode.swift; path = PaginableTests.swift; sourceTree = "<group>"; };
		CA67017929DE1BC000A9AD25 /* MovieDetailsRouter.swift */ = {isa = PBXFileReference; lastKnownFileType = sourcecode.swift; path = MovieDetailsRouter.swift; sourceTree = "<group>"; };
		CA67017B29DE1BD600A9AD25 /* MovieDetailsInteractor.swift */ = {isa = PBXFileReference; lastKnownFileType = sourcecode.swift; path = MovieDetailsInteractor.swift; sourceTree = "<group>"; };
		CA67017D29DE1BEA00A9AD25 /* MovieDetailsWorker.swift */ = {isa = PBXFileReference; lastKnownFileType = sourcecode.swift; path = MovieDetailsWorker.swift; sourceTree = "<group>"; };
		CA67017F29DE1BF600A9AD25 /* MovieDetailsPresenter.swift */ = {isa = PBXFileReference; lastKnownFileType = sourcecode.swift; path = MovieDetailsPresenter.swift; sourceTree = "<group>"; };
		CA67018129DE1DB100A9AD25 /* MovieDetails.swift */ = {isa = PBXFileReference; lastKnownFileType = sourcecode.swift; path = MovieDetails.swift; sourceTree = "<group>"; };
		CA67018329DE204A00A9AD25 /* MovieCredits.swift */ = {isa = PBXFileReference; lastKnownFileType = sourcecode.swift; path = MovieCredits.swift; sourceTree = "<group>"; };
		CA67018529DE208100A9AD25 /* Cast.swift */ = {isa = PBXFileReference; lastKnownFileType = sourcecode.swift; path = Cast.swift; sourceTree = "<group>"; };
		CA67018729DE20FB00A9AD25 /* Crew.swift */ = {isa = PBXFileReference; lastKnownFileType = sourcecode.swift; path = Crew.swift; sourceTree = "<group>"; };
		CA67018A29DE25E900A9AD25 /* TrailerResponse.swift */ = {isa = PBXFileReference; lastKnownFileType = sourcecode.swift; path = TrailerResponse.swift; sourceTree = "<group>"; };
		CA67018C29DE261100A9AD25 /* Trailer.swift */ = {isa = PBXFileReference; lastKnownFileType = sourcecode.swift; path = Trailer.swift; sourceTree = "<group>"; };
		CA67019029DE2DE900A9AD25 /* RelatedMoviesResponse.swift */ = {isa = PBXFileReference; lastKnownFileType = sourcecode.swift; path = RelatedMoviesResponse.swift; sourceTree = "<group>"; };
		CA67019229DE2DF200A9AD25 /* RelatedMovie.swift */ = {isa = PBXFileReference; lastKnownFileType = sourcecode.swift; path = RelatedMovie.swift; sourceTree = "<group>"; };
		CA784806297975090089C75B /* DetailsModel.swift */ = {isa = PBXFileReference; lastKnownFileType = sourcecode.swift; path = DetailsModel.swift; sourceTree = "<group>"; };
		CA8291FD2899B98D00FA6BCC /* Observable.swift */ = {isa = PBXFileReference; lastKnownFileType = sourcecode.swift; path = Observable.swift; sourceTree = "<group>"; };
		CA8292022899C73500FA6BCC /* UpcomingTableViewCell.swift */ = {isa = PBXFileReference; lastKnownFileType = sourcecode.swift; path = UpcomingTableViewCell.swift; sourceTree = "<group>"; };
		CA8292052899CEA200FA6BCC /* MovieDetailsViewController.swift */ = {isa = PBXFileReference; lastKnownFileType = sourcecode.swift; path = MovieDetailsViewController.swift; sourceTree = "<group>"; };
		CA82920E2899F5A600FA6BCC /* UIImageView+SetImage.swift */ = {isa = PBXFileReference; lastKnownFileType = sourcecode.swift; path = "UIImageView+SetImage.swift"; sourceTree = "<group>"; };
		CA9007552A1F81F500803CE0 /* ScreenFabricMovieDetails.swift */ = {isa = PBXFileReference; lastKnownFileType = sourcecode.swift; path = ScreenFabricMovieDetails.swift; sourceTree = "<group>"; };
		CA9007572A1F820300803CE0 /* ScreenFabricUpcomingMovies.swift */ = {isa = PBXFileReference; lastKnownFileType = sourcecode.swift; path = ScreenFabricUpcomingMovies.swift; sourceTree = "<group>"; };
		CA9007592A1F822D00803CE0 /* ScreenFabricLogin.swift */ = {isa = PBXFileReference; lastKnownFileType = sourcecode.swift; path = ScreenFabricLogin.swift; sourceTree = "<group>"; };
		CAC4A6472941618500F7F028 /* DefaultCollectionViewDataSource.swift */ = {isa = PBXFileReference; lastKnownFileType = sourcecode.swift; path = DefaultCollectionViewDataSource.swift; sourceTree = "<group>"; };
		CAC4A64929416A8700F7F028 /* UpcomingCellViewModel.swift */ = {isa = PBXFileReference; lastKnownFileType = sourcecode.swift; path = UpcomingCellViewModel.swift; sourceTree = "<group>"; };
		CAC4A64B29416FF800F7F028 /* VerticalFlowLayout.swift */ = {isa = PBXFileReference; lastKnownFileType = sourcecode.swift; path = VerticalFlowLayout.swift; sourceTree = "<group>"; };
		CAF815DA289725A500B7B26E /* Endpoint.swift */ = {isa = PBXFileReference; lastKnownFileType = sourcecode.swift; path = Endpoint.swift; sourceTree = "<group>"; };
		CAF815DC289725CC00B7B26E /* APIClient.swift */ = {isa = PBXFileReference; lastKnownFileType = sourcecode.swift; path = APIClient.swift; sourceTree = "<group>"; };
		CAF815DE289725F600B7B26E /* RequestMethod.swift */ = {isa = PBXFileReference; lastKnownFileType = sourcecode.swift; path = RequestMethod.swift; sourceTree = "<group>"; };
		CAF815E02897261100B7B26E /* RequestError.swift */ = {isa = PBXFileReference; lastKnownFileType = sourcecode.swift; path = RequestError.swift; sourceTree = "<group>"; };
		CAF815E42897266D00B7B26E /* MoviesEndpoint.swift */ = {isa = PBXFileReference; lastKnownFileType = sourcecode.swift; path = MoviesEndpoint.swift; sourceTree = "<group>"; };
		CAF815E7289726B700B7B26E /* MovieClient.swift */ = {isa = PBXFileReference; lastKnownFileType = sourcecode.swift; path = MovieClient.swift; sourceTree = "<group>"; };
		CAF815EA289726FD00B7B26E /* Movie.swift */ = {isa = PBXFileReference; lastKnownFileType = sourcecode.swift; path = Movie.swift; sourceTree = "<group>"; };
		CAF815EC2897272800B7B26E /* TopRated.swift */ = {isa = PBXFileReference; lastKnownFileType = sourcecode.swift; path = TopRated.swift; sourceTree = "<group>"; };
/* End PBXFileReference section */

/* Begin PBXFrameworksBuildPhase section */
		CA383B372895839F002E4408 /* Frameworks */ = {
			isa = PBXFrameworksBuildPhase;
			buildActionMask = 2147483647;
			files = (
				CA93CDBB299E64E700D9A6B3 /* SDWebImage in Frameworks */,
			);
			runOnlyForDeploymentPostprocessing = 0;
		};
		CA62BBD72A7281D7004BCDF1 /* Frameworks */ = {
			isa = PBXFrameworksBuildPhase;
			buildActionMask = 2147483647;
			files = (
			);
			runOnlyForDeploymentPostprocessing = 0;
		};
/* End PBXFrameworksBuildPhase section */

/* Begin PBXGroup section */
		CA21C4F0294AB4A30043231F /* Cells */ = {
			isa = PBXGroup;
			children = (
				CA8292022899C73500FA6BCC /* UpcomingTableViewCell.swift */,
				CAC4A64929416A8700F7F028 /* UpcomingCellViewModel.swift */,
				CA21C4F5295283370043231F /* UpcomingCellViewModelProtocol.swift */,
			);
			path = Cells;
			sourceTree = "<group>";
		};
		CA21C4F1294AB5450043231F /* Layouts */ = {
			isa = PBXGroup;
			children = (
				CAC4A64B29416FF800F7F028 /* VerticalFlowLayout.swift */,
				CA4FB9B629F040500004972E /* HorizontalFlowLayout.swift */,
			);
			path = Layouts;
			sourceTree = "<group>";
		};
		CA21C4F2294AB5610043231F /* View */ = {
			isa = PBXGroup;
			children = (
				CA383B412895839F002E4408 /* UpcomingViewController.swift */,
				CA21C4F0294AB4A30043231F /* Cells */,
				CA8291FF2899C59600FA6BCC /* DataSource */,
			);
			path = View;
			sourceTree = "<group>";
		};
		CA21C4F929528C710043231F /* ViewComponents */ = {
			isa = PBXGroup;
			children = (
				CA21C50629529AFE0043231F /* RefreshControl */,
				CA21C50129528F9F0043231F /* Loading */,
			);
			path = ViewComponents;
			sourceTree = "<group>";
		};
		CA21C4FE29528EE60043231F /* Protocols */ = {
			isa = PBXGroup;
			children = (
				CA21C4EB294AB3AE0043231F /* Reusable.swift */,
				CA21C5042952911A0043231F /* Displaylable.swift */,
				CA21C4F7295285A80043231F /* Paginable.swift */,
				CA21C4FF29528F0D0043231F /* LoadingDiplaylable.swift */,
			);
			path = Protocols;
			sourceTree = "<group>";
		};
		CA21C50129528F9F0043231F /* Loading */ = {
			isa = PBXGroup;
			children = (
				CA21C4FA29528C9B0043231F /* DefaultLoaderView.swift */,
				CA21C50229528FB70043231F /* LoadingViewProtocol.swift */,
			);
			path = Loading;
			sourceTree = "<group>";
		};
		CA21C50629529AFE0043231F /* RefreshControl */ = {
			isa = PBXGroup;
			children = (
				CA21C50729529B180043231F /* DefaultRefreshControl.swift */,
			);
			path = RefreshControl;
			sourceTree = "<group>";
		};
		CA33C9582980A724005DE009 /* Login */ = {
			isa = PBXGroup;
			children = (
				CA605FCD29BE6DF90003CEC3 /* Presenter */,
				CA605FCC29BE6DF10003CEC3 /* Worker */,
				CA605FCB29BE6DEA0003CEC3 /* Interactor */,
				CA605FCA29BE6DDD0003CEC3 /* Router */,
				CA33C9592980A72F005DE009 /* View */,
			);
			path = Login;
			sourceTree = "<group>";
		};
		CA33C9592980A72F005DE009 /* View */ = {
			isa = PBXGroup;
			children = (
				CA33C95B2980A75D005DE009 /* LoginViewController.swift */,
			);
			path = View;
			sourceTree = "<group>";
		};
		CA383B312895839F002E4408 = {
			isa = PBXGroup;
			children = (
				CA383B3C2895839F002E4408 /* Code */,
				CA62BBDB2A7281D7004BCDF1 /* Mentoring-O1Tests */,
				CA383B3B2895839F002E4408 /* Products */,
			);
			sourceTree = "<group>";
		};
		CA383B3B2895839F002E4408 /* Products */ = {
			isa = PBXGroup;
			children = (
				CA383B3A2895839F002E4408 /* Mentoring-O1.app */,
				CA62BBDA2A7281D7004BCDF1 /* Mentoring-O1Tests.xctest */,
			);
			name = Products;
			sourceTree = "<group>";
		};
		CA383B3C2895839F002E4408 /* Code */ = {
			isa = PBXGroup;
			children = (
				CAF815EE2897276200B7B26E /* SceneDelagate */,
				CAF815F028972B2500B7B26E /* Scenes */,
				CAF815E9289726EE00B7B26E /* Models */,
				CAF815D92897243C00B7B26E /* Network */,
				CA21C4F929528C710043231F /* ViewComponents */,
				CA8291FC2899B97900FA6BCC /* Helpers */,
				CAF815D82897236300B7B26E /* SupportingFiles */,
				CA383B46289583A0002E4408 /* Assets.xcassets */,
				CA383B48289583A0002E4408 /* LaunchScreen.storyboard */,
			);
			path = Code;
			sourceTree = "<group>";
		};
		CA4FB9A729E77E4B0004972E /* Cells */ = {
			isa = PBXGroup;
			children = (
				CA4FB9AD29E7837D0004972E /* RelatedMovie */,
				CA4FB9AC29E783610004972E /* Cast */,
			);
			path = Cells;
			sourceTree = "<group>";
		};
		CA4FB9AC29E783610004972E /* Cast */ = {
			isa = PBXGroup;
			children = (
				CA4FB9A829E77EB00004972E /* MovieDetailsCastCell.swift */,
				CA4FB9AA29E7816C0004972E /* MovieDetailCastViewModel.swift */,
			);
			path = Cast;
			sourceTree = "<group>";
		};
		CA4FB9AD29E7837D0004972E /* RelatedMovie */ = {
			isa = PBXGroup;
			children = (
				CA4FB9AE29E783A60004972E /* MovieDetailsRelatedCell.swift */,
				CA4FB9B029E783C40004972E /* MovieDetailsRelatedViewModel.swift */,
			);
			path = RelatedMovie;
			sourceTree = "<group>";
		};
		CA605FBE29BA8F1B0003CEC3 /* Router */ = {
			isa = PBXGroup;
			children = (
				CA605FBF29BA8F390003CEC3 /* UpcomingMoviesRouter.swift */,
			);
			path = Router;
			sourceTree = "<group>";
		};
		CA605FC129BA94D90003CEC3 /* Interactor */ = {
			isa = PBXGroup;
			children = (
				CA605FC229BA94EB0003CEC3 /* UpcomingMoviesInteractor.swift */,
			);
			path = Interactor;
			sourceTree = "<group>";
		};
		CA605FC429BA9B2E0003CEC3 /* Worker */ = {
			isa = PBXGroup;
			children = (
				CA605FC529BA9BC70003CEC3 /* UpcomingNetworkWorker.swift */,
			);
			path = Worker;
			sourceTree = "<group>";
		};
		CA605FC729BA9C610003CEC3 /* Presenter */ = {
			isa = PBXGroup;
			children = (
				CA605FC829BA9C760003CEC3 /* UpcomingPresenter.swift */,
			);
			path = Presenter;
			sourceTree = "<group>";
		};
		CA605FCA29BE6DDD0003CEC3 /* Router */ = {
			isa = PBXGroup;
			children = (
				CA605FD429BE6E350003CEC3 /* LoginRouter.swift */,
			);
			path = Router;
			sourceTree = "<group>";
		};
		CA605FCB29BE6DEA0003CEC3 /* Interactor */ = {
			isa = PBXGroup;
			children = (
				CA605FD229BE6E2A0003CEC3 /* LoginInteractor.swift */,
			);
			path = Interactor;
			sourceTree = "<group>";
		};
		CA605FCC29BE6DF10003CEC3 /* Worker */ = {
			isa = PBXGroup;
			children = (
				CA605FD029BE6E1D0003CEC3 /* LoginNetworkWorker.swift */,
			);
			path = Worker;
			sourceTree = "<group>";
		};
		CA605FCD29BE6DF90003CEC3 /* Presenter */ = {
			isa = PBXGroup;
			children = (
				CA605FCE29BE6E0A0003CEC3 /* LoginPresenter.swift */,
			);
			path = Presenter;
			sourceTree = "<group>";
		};
		CA62BBDB2A7281D7004BCDF1 /* Mentoring-O1Tests */ = {
			isa = PBXGroup;
			children = (
				CA62BBDC2A7281D7004BCDF1 /* PaginableTests.swift */,
			);
			path = "Mentoring-O1Tests";
			sourceTree = "<group>";
		};
		CA67017529DE1B5700A9AD25 /* Presenter */ = {
			isa = PBXGroup;
			children = (
				CA67017F29DE1BF600A9AD25 /* MovieDetailsPresenter.swift */,
			);
			path = Presenter;
			sourceTree = "<group>";
		};
		CA67017629DE1B6600A9AD25 /* Worker */ = {
			isa = PBXGroup;
			children = (
				CA67017D29DE1BEA00A9AD25 /* MovieDetailsWorker.swift */,
			);
			path = Worker;
			sourceTree = "<group>";
		};
		CA67017729DE1B7000A9AD25 /* Interactor */ = {
			isa = PBXGroup;
			children = (
				CA67017B29DE1BD600A9AD25 /* MovieDetailsInteractor.swift */,
			);
			path = Interactor;
			sourceTree = "<group>";
		};
		CA67017829DE1B9300A9AD25 /* Router */ = {
			isa = PBXGroup;
			children = (
				CA67017929DE1BC000A9AD25 /* MovieDetailsRouter.swift */,
			);
			path = Router;
			sourceTree = "<group>";
		};
		CA67018929DE21E000A9AD25 /* Credits */ = {
			isa = PBXGroup;
			children = (
				CA67018329DE204A00A9AD25 /* MovieCredits.swift */,
				CA67018529DE208100A9AD25 /* Cast.swift */,
				CA67018729DE20FB00A9AD25 /* Crew.swift */,
			);
			path = Credits;
			sourceTree = "<group>";
		};
		CA67018E29DE264900A9AD25 /* Trailers */ = {
			isa = PBXGroup;
			children = (
				CA67018A29DE25E900A9AD25 /* TrailerResponse.swift */,
				CA67018C29DE261100A9AD25 /* Trailer.swift */,
			);
			path = Trailers;
			sourceTree = "<group>";
		};
		CA67018F29DE2DB100A9AD25 /* Related */ = {
			isa = PBXGroup;
			children = (
				CA67019029DE2DE900A9AD25 /* RelatedMoviesResponse.swift */,
				CA67019229DE2DF200A9AD25 /* RelatedMovie.swift */,
			);
			path = Related;
			sourceTree = "<group>";
		};
		CA7848012979708D0089C75B /* View */ = {
			isa = PBXGroup;
			children = (
				CA4FB9A729E77E4B0004972E /* Cells */,
				CA8292052899CEA200FA6BCC /* MovieDetailsViewController.swift */,
				CA4FB9B429EF5EE40004972E /* ContentViewHorizontalCollection.swift */,
			);
			path = View;
			sourceTree = "<group>";
		};
		CA784805297974F50089C75B /* Model */ = {
			isa = PBXGroup;
			children = (
				CA784806297975090089C75B /* DetailsModel.swift */,
			);
			path = Model;
			sourceTree = "<group>";
		};
		CA8291FC2899B97900FA6BCC /* Helpers */ = {
			isa = PBXGroup;
			children = (
				CA21C4FE29528EE60043231F /* Protocols */,
				CA21C4F1294AB5450043231F /* Layouts */,
				CA82920D2899F59300FA6BCC /* Extensions */,
				CA82920A2899CED800FA6BCC /* ScreenFabric */,
				CA8292092899CECD00FA6BCC /* Binders */,
			);
			path = Helpers;
			sourceTree = "<group>";
		};
		CA8291FF2899C59600FA6BCC /* DataSource */ = {
			isa = PBXGroup;
			children = (
				CAC4A6472941618500F7F028 /* DefaultCollectionViewDataSource.swift */,
				CA21C509295321130043231F /* CollectionViewPrefetchedDataSource.swift */,
			);
			path = DataSource;
			sourceTree = "<group>";
		};
		CA8292042899CE7F00FA6BCC /* MovieDetails */ = {
			isa = PBXGroup;
			children = (
				CA67017829DE1B9300A9AD25 /* Router */,
				CA67017729DE1B7000A9AD25 /* Interactor */,
				CA67017629DE1B6600A9AD25 /* Worker */,
				CA67017529DE1B5700A9AD25 /* Presenter */,
				CA784805297974F50089C75B /* Model */,
				CA7848012979708D0089C75B /* View */,
			);
			path = MovieDetails;
			sourceTree = "<group>";
		};
		CA8292092899CECD00FA6BCC /* Binders */ = {
			isa = PBXGroup;
			children = (
				CA8291FD2899B98D00FA6BCC /* Observable.swift */,
			);
			path = Binders;
			sourceTree = "<group>";
		};
		CA82920A2899CED800FA6BCC /* ScreenFabric */ = {
			isa = PBXGroup;
			children = (
				CA9007552A1F81F500803CE0 /* ScreenFabricMovieDetails.swift */,
				CA9007572A1F820300803CE0 /* ScreenFabricUpcomingMovies.swift */,
				CA9007592A1F822D00803CE0 /* ScreenFabricLogin.swift */,
			);
			path = ScreenFabric;
			sourceTree = "<group>";
		};
		CA82920D2899F59300FA6BCC /* Extensions */ = {
			isa = PBXGroup;
			children = (
				CA82920E2899F5A600FA6BCC /* UIImageView+SetImage.swift */,
				CA4FB9B229EF5A350004972E /* UIImageView+Gradient.swift */,
				CA4FB9B829F08E5D0004972E /* UIImageView+CropedImage.swift */,
				CA21C4FC29528D5D0043231F /* UIView+Layout.swift */,
			);
			path = Extensions;
			sourceTree = "<group>";
		};
		CAF815D82897236300B7B26E /* SupportingFiles */ = {
			isa = PBXGroup;
			children = (
				CA383B4B289583A0002E4408 /* Info.plist */,
			);
			path = SupportingFiles;
			sourceTree = "<group>";
		};
		CAF815D92897243C00B7B26E /* Network */ = {
			isa = PBXGroup;
			children = (
				CAF815E6289726A200B7B26E /* Services */,
				CAF815E32897265000B7B26E /* Endpoints */,
				CAF815E22897263A00B7B26E /* Base */,
			);
			path = Network;
			sourceTree = "<group>";
		};
		CAF815E22897263A00B7B26E /* Base */ = {
			isa = PBXGroup;
			children = (
				CAF815DA289725A500B7B26E /* Endpoint.swift */,
				CAF815DC289725CC00B7B26E /* APIClient.swift */,
				CAF815DE289725F600B7B26E /* RequestMethod.swift */,
				CAF815E02897261100B7B26E /* RequestError.swift */,
			);
			path = Base;
			sourceTree = "<group>";
		};
		CAF815E32897265000B7B26E /* Endpoints */ = {
			isa = PBXGroup;
			children = (
				CAF815E42897266D00B7B26E /* MoviesEndpoint.swift */,
				CA33C9632980B6DF005DE009 /* AuthEndpoint.swift */,
			);
			path = Endpoints;
			sourceTree = "<group>";
		};
		CAF815E6289726A200B7B26E /* Services */ = {
			isa = PBXGroup;
			children = (
				CAF815E7289726B700B7B26E /* MovieClient.swift */,
				CA33C9652980BBA4005DE009 /* AuthClient.swift */,
			);
			path = Services;
			sourceTree = "<group>";
		};
		CAF815E9289726EE00B7B26E /* Models */ = {
			isa = PBXGroup;
			children = (
				CAF815EA289726FD00B7B26E /* Movie.swift */,
				CA21C4F3294B5BD10043231F /* MovieResult.swift */,
				CA67018129DE1DB100A9AD25 /* MovieDetails.swift */,
				CA67018929DE21E000A9AD25 /* Credits */,
				CA67018F29DE2DB100A9AD25 /* Related */,
				CA67018E29DE264900A9AD25 /* Trailers */,
				CAF815EC2897272800B7B26E /* TopRated.swift */,
				CA21C50B2953EDCD0043231F /* Genre.swift */,
				CA33C9672980BC14005DE009 /* AuthResponse.swift */,
			);
			path = Models;
			sourceTree = "<group>";
		};
		CAF815EE2897276200B7B26E /* SceneDelagate */ = {
			isa = PBXGroup;
			children = (
				CA383B3D2895839F002E4408 /* AppDelegate.swift */,
				CA383B3F2895839F002E4408 /* SceneDelegate.swift */,
			);
			path = SceneDelagate;
			sourceTree = "<group>";
		};
		CAF815EF28972B1100B7B26E /* UpcomingMovies */ = {
			isa = PBXGroup;
			children = (
				CA605FC729BA9C610003CEC3 /* Presenter */,
				CA605FC429BA9B2E0003CEC3 /* Worker */,
				CA605FC129BA94D90003CEC3 /* Interactor */,
				CA605FBE29BA8F1B0003CEC3 /* Router */,
				CA21C4F2294AB5610043231F /* View */,
			);
			path = UpcomingMovies;
			sourceTree = "<group>";
		};
		CAF815F028972B2500B7B26E /* Scenes */ = {
			isa = PBXGroup;
			children = (
				CA33C9582980A724005DE009 /* Login */,
				CA8292042899CE7F00FA6BCC /* MovieDetails */,
				CAF815EF28972B1100B7B26E /* UpcomingMovies */,
			);
			path = Scenes;
			sourceTree = "<group>";
		};
/* End PBXGroup section */

/* Begin PBXNativeTarget section */
		CA383B392895839F002E4408 /* Mentoring-O1 */ = {
			isa = PBXNativeTarget;
			buildConfigurationList = CA383B4E289583A0002E4408 /* Build configuration list for PBXNativeTarget "Mentoring-O1" */;
			buildPhases = (
				CAE8242A28971F2600166858 /* Swiftlint */,
				CA383B362895839F002E4408 /* Sources */,
				CA383B372895839F002E4408 /* Frameworks */,
				CA383B382895839F002E4408 /* Resources */,
			);
			buildRules = (
			);
			dependencies = (
			);
			name = "Mentoring-O1";
			packageProductDependencies = (
				CA93CDBA299E64E700D9A6B3 /* SDWebImage */,
			);
			productName = "Mentoring-O1";
			productReference = CA383B3A2895839F002E4408 /* Mentoring-O1.app */;
			productType = "com.apple.product-type.application";
		};
		CA62BBD92A7281D7004BCDF1 /* Mentoring-O1Tests */ = {
			isa = PBXNativeTarget;
			buildConfigurationList = CA62BBE22A7281D7004BCDF1 /* Build configuration list for PBXNativeTarget "Mentoring-O1Tests" */;
			buildPhases = (
				CA62BBD62A7281D7004BCDF1 /* Sources */,
				CA62BBD72A7281D7004BCDF1 /* Frameworks */,
				CA62BBD82A7281D7004BCDF1 /* Resources */,
			);
			buildRules = (
			);
			dependencies = (
				CA62BBDF2A7281D7004BCDF1 /* PBXTargetDependency */,
			);
			name = "Mentoring-O1Tests";
			productName = "Mentoring-O1Tests";
			productReference = CA62BBDA2A7281D7004BCDF1 /* Mentoring-O1Tests.xctest */;
			productType = "com.apple.product-type.bundle.unit-test";
		};
/* End PBXNativeTarget section */

/* Begin PBXProject section */
		CA383B322895839F002E4408 /* Project object */ = {
			isa = PBXProject;
			attributes = {
				BuildIndependentTargetsInParallel = 1;
				LastSwiftUpdateCheck = 1430;
				LastUpgradeCheck = 1340;
				TargetAttributes = {
					CA383B392895839F002E4408 = {
						CreatedOnToolsVersion = 13.4.1;
					};
					CA62BBD92A7281D7004BCDF1 = {
						CreatedOnToolsVersion = 14.3.1;
						TestTargetID = CA383B392895839F002E4408;
					};
				};
			};
			buildConfigurationList = CA383B352895839F002E4408 /* Build configuration list for PBXProject "Mentoring-O1" */;
			compatibilityVersion = "Xcode 13.0";
			developmentRegion = en;
			hasScannedForEncodings = 0;
			knownRegions = (
				en,
				Base,
			);
			mainGroup = CA383B312895839F002E4408;
			packageReferences = (
				CA93CDB9299E64E700D9A6B3 /* XCRemoteSwiftPackageReference "SDWebImage" */,
			);
			productRefGroup = CA383B3B2895839F002E4408 /* Products */;
			projectDirPath = "";
			projectRoot = "";
			targets = (
				CA383B392895839F002E4408 /* Mentoring-O1 */,
				CA62BBD92A7281D7004BCDF1 /* Mentoring-O1Tests */,
			);
		};
/* End PBXProject section */

/* Begin PBXResourcesBuildPhase section */
		CA383B382895839F002E4408 /* Resources */ = {
			isa = PBXResourcesBuildPhase;
			buildActionMask = 2147483647;
			files = (
				CA383B4A289583A0002E4408 /* LaunchScreen.storyboard in Resources */,
				CA383B47289583A0002E4408 /* Assets.xcassets in Resources */,
			);
			runOnlyForDeploymentPostprocessing = 0;
		};
		CA62BBD82A7281D7004BCDF1 /* Resources */ = {
			isa = PBXResourcesBuildPhase;
			buildActionMask = 2147483647;
			files = (
			);
			runOnlyForDeploymentPostprocessing = 0;
		};
/* End PBXResourcesBuildPhase section */

/* Begin PBXShellScriptBuildPhase section */
		CAE8242A28971F2600166858 /* Swiftlint */ = {
			isa = PBXShellScriptBuildPhase;
			buildActionMask = 2147483647;
			files = (
			);
			inputFileListPaths = (
			);
			inputPaths = (
			);
			name = Swiftlint;
			outputFileListPaths = (
			);
			outputPaths = (
			);
			runOnlyForDeploymentPostprocessing = 0;
			shellPath = /bin/sh;
			shellScript = "export PATH=\"$PATH:/opt/homebrew/bin\"\nif which swiftlint > /dev/null; then\n  swiftlint\nelse\n  echo \"warning: SwiftLint not installed, download from https://github.com/realm/SwiftLint\"\nfi\n";
		};
/* End PBXShellScriptBuildPhase section */

/* Begin PBXSourcesBuildPhase section */
		CA383B362895839F002E4408 /* Sources */ = {
			isa = PBXSourcesBuildPhase;
			buildActionMask = 2147483647;
			files = (
				CA8291FE2899B98D00FA6BCC /* Observable.swift in Sources */,
				CAF815E12897261100B7B26E /* RequestError.swift in Sources */,
				CA605FCF29BE6E0A0003CEC3 /* LoginPresenter.swift in Sources */,
				CA82920F2899F5A600FA6BCC /* UIImageView+SetImage.swift in Sources */,
				CA4FB9B129E783C40004972E /* MovieDetailsRelatedViewModel.swift in Sources */,
				CA383B422895839F002E4408 /* UpcomingViewController.swift in Sources */,
				CA4FB9B729F040500004972E /* HorizontalFlowLayout.swift in Sources */,
				CA383B3E2895839F002E4408 /* AppDelegate.swift in Sources */,
				CA21C4F8295285A80043231F /* Paginable.swift in Sources */,
				CAF815E52897266D00B7B26E /* MoviesEndpoint.swift in Sources */,
				CA605FD129BE6E1D0003CEC3 /* LoginNetworkWorker.swift in Sources */,
				CAF815EB289726FD00B7B26E /* Movie.swift in Sources */,
				CA67017E29DE1BEA00A9AD25 /* MovieDetailsWorker.swift in Sources */,
				CA67018B29DE25E900A9AD25 /* TrailerResponse.swift in Sources */,
				CAF815DB289725A500B7B26E /* Endpoint.swift in Sources */,
				CA33C9662980BBA4005DE009 /* AuthClient.swift in Sources */,
				CAF815E8289726B700B7B26E /* MovieClient.swift in Sources */,
				CA4FB9B329EF5A350004972E /* UIImageView+Gradient.swift in Sources */,
				CA21C50829529B180043231F /* DefaultRefreshControl.swift in Sources */,
				CA67019329DE2DF200A9AD25 /* RelatedMovie.swift in Sources */,
				CA605FC629BA9BC70003CEC3 /* UpcomingNetworkWorker.swift in Sources */,
				CA8292032899C73500FA6BCC /* UpcomingTableViewCell.swift in Sources */,
				CA21C4FD29528D5D0043231F /* UIView+Layout.swift in Sources */,
				CA4FB9AF29E783A60004972E /* MovieDetailsRelatedCell.swift in Sources */,
				CA67018D29DE261100A9AD25 /* Trailer.swift in Sources */,
				CA67019129DE2DE900A9AD25 /* RelatedMoviesResponse.swift in Sources */,
				CA605FD329BE6E2A0003CEC3 /* LoginInteractor.swift in Sources */,
				CA21C4EC294AB3AE0043231F /* Reusable.swift in Sources */,
				CA67018629DE208100A9AD25 /* Cast.swift in Sources */,
				CA21C50329528FB70043231F /* LoadingViewProtocol.swift in Sources */,
				CA21C50029528F0D0043231F /* LoadingDiplaylable.swift in Sources */,
				CA9007582A1F820300803CE0 /* ScreenFabricUpcomingMovies.swift in Sources */,
				CA67018829DE20FB00A9AD25 /* Crew.swift in Sources */,
				CA67017C29DE1BD600A9AD25 /* MovieDetailsInteractor.swift in Sources */,
				CA67018029DE1BF600A9AD25 /* MovieDetailsPresenter.swift in Sources */,
				CA67017A29DE1BC000A9AD25 /* MovieDetailsRouter.swift in Sources */,
				CA8292062899CEA200FA6BCC /* MovieDetailsViewController.swift in Sources */,
				CA605FC029BA8F390003CEC3 /* UpcomingMoviesRouter.swift in Sources */,
				CAF815ED2897272800B7B26E /* TopRated.swift in Sources */,
				CA21C4FB29528C9B0043231F /* DefaultLoaderView.swift in Sources */,
				CA605FC929BA9C760003CEC3 /* UpcomingPresenter.swift in Sources */,
				CAF815DD289725CC00B7B26E /* APIClient.swift in Sources */,
				CA33C95C2980A75D005DE009 /* LoginViewController.swift in Sources */,
				CA67018229DE1DB100A9AD25 /* MovieDetails.swift in Sources */,
				CA21C50A295321130043231F /* CollectionViewPrefetchedDataSource.swift in Sources */,
				CA33C9682980BC14005DE009 /* AuthResponse.swift in Sources */,
				CAF815DF289725F600B7B26E /* RequestMethod.swift in Sources */,
				CA9007562A1F81F500803CE0 /* ScreenFabricMovieDetails.swift in Sources */,
				CA21C4F4294B5BD10043231F /* MovieResult.swift in Sources */,
				CA33C9642980B6DF005DE009 /* AuthEndpoint.swift in Sources */,
				CA4FB9AB29E7816C0004972E /* MovieDetailCastViewModel.swift in Sources */,
				CA784807297975090089C75B /* DetailsModel.swift in Sources */,
				CA90075A2A1F822D00803CE0 /* ScreenFabricLogin.swift in Sources */,
				CA21C50C2953EDCD0043231F /* Genre.swift in Sources */,
				CA4FB9B529EF5EE40004972E /* ContentViewHorizontalCollection.swift in Sources */,
				CA383B402895839F002E4408 /* SceneDelegate.swift in Sources */,
				CA605FD529BE6E350003CEC3 /* LoginRouter.swift in Sources */,
				CA21C5052952911A0043231F /* Displaylable.swift in Sources */,
				CAC4A64A29416A8700F7F028 /* UpcomingCellViewModel.swift in Sources */,
				CAC4A64C29416FF800F7F028 /* VerticalFlowLayout.swift in Sources */,
				CA4FB9A929E77EB00004972E /* MovieDetailsCastCell.swift in Sources */,
				CAC4A6482941618500F7F028 /* DefaultCollectionViewDataSource.swift in Sources */,
				CA605FC329BA94EB0003CEC3 /* UpcomingMoviesInteractor.swift in Sources */,
				CA21C4F6295283370043231F /* UpcomingCellViewModelProtocol.swift in Sources */,
				CA67018429DE204A00A9AD25 /* MovieCredits.swift in Sources */,
				CA4FB9B929F08E5D0004972E /* UIImageView+CropedImage.swift in Sources */,
			);
			runOnlyForDeploymentPostprocessing = 0;
		};
		CA62BBD62A7281D7004BCDF1 /* Sources */ = {
			isa = PBXSourcesBuildPhase;
			buildActionMask = 2147483647;
			files = (
				CA62BBDD2A7281D7004BCDF1 /* PaginableTests.swift in Sources */,
				CA62BBE42A7282B5004BCDF1 /* Paginable.swift in Sources */,
				CA62BBE52A728381004BCDF1 /* Movie.swift in Sources */,
				CA62BBE32A7282A8004BCDF1 /* MovieResult.swift in Sources */,
			);
			runOnlyForDeploymentPostprocessing = 0;
		};
/* End PBXSourcesBuildPhase section */

/* Begin PBXTargetDependency section */
		CA62BBDF2A7281D7004BCDF1 /* PBXTargetDependency */ = {
			isa = PBXTargetDependency;
			target = CA383B392895839F002E4408 /* Mentoring-O1 */;
			targetProxy = CA62BBDE2A7281D7004BCDF1 /* PBXContainerItemProxy */;
		};
/* End PBXTargetDependency section */

/* Begin PBXVariantGroup section */
		CA383B48289583A0002E4408 /* LaunchScreen.storyboard */ = {
			isa = PBXVariantGroup;
			children = (
				CA383B49289583A0002E4408 /* Base */,
			);
			name = LaunchScreen.storyboard;
			sourceTree = "<group>";
		};
/* End PBXVariantGroup section */

/* Begin XCBuildConfiguration section */
		CA383B4C289583A0002E4408 /* Debug */ = {
			isa = XCBuildConfiguration;
			buildSettings = {
				ALWAYS_SEARCH_USER_PATHS = NO;
				CLANG_ANALYZER_NONNULL = YES;
				CLANG_ANALYZER_NUMBER_OBJECT_CONVERSION = YES_AGGRESSIVE;
				CLANG_CXX_LANGUAGE_STANDARD = "gnu++17";
				CLANG_ENABLE_MODULES = YES;
				CLANG_ENABLE_OBJC_ARC = YES;
				CLANG_ENABLE_OBJC_WEAK = YES;
				CLANG_WARN_BLOCK_CAPTURE_AUTORELEASING = YES;
				CLANG_WARN_BOOL_CONVERSION = YES;
				CLANG_WARN_COMMA = YES;
				CLANG_WARN_CONSTANT_CONVERSION = YES;
				CLANG_WARN_DEPRECATED_OBJC_IMPLEMENTATIONS = YES;
				CLANG_WARN_DIRECT_OBJC_ISA_USAGE = YES_ERROR;
				CLANG_WARN_DOCUMENTATION_COMMENTS = YES;
				CLANG_WARN_EMPTY_BODY = YES;
				CLANG_WARN_ENUM_CONVERSION = YES;
				CLANG_WARN_INFINITE_RECURSION = YES;
				CLANG_WARN_INT_CONVERSION = YES;
				CLANG_WARN_NON_LITERAL_NULL_CONVERSION = YES;
				CLANG_WARN_OBJC_IMPLICIT_RETAIN_SELF = YES;
				CLANG_WARN_OBJC_LITERAL_CONVERSION = YES;
				CLANG_WARN_OBJC_ROOT_CLASS = YES_ERROR;
				CLANG_WARN_QUOTED_INCLUDE_IN_FRAMEWORK_HEADER = YES;
				CLANG_WARN_RANGE_LOOP_ANALYSIS = YES;
				CLANG_WARN_STRICT_PROTOTYPES = YES;
				CLANG_WARN_SUSPICIOUS_MOVE = YES;
				CLANG_WARN_UNGUARDED_AVAILABILITY = YES_AGGRESSIVE;
				CLANG_WARN_UNREACHABLE_CODE = YES;
				CLANG_WARN__DUPLICATE_METHOD_MATCH = YES;
				COPY_PHASE_STRIP = NO;
				DEBUG_INFORMATION_FORMAT = dwarf;
				ENABLE_STRICT_OBJC_MSGSEND = YES;
				ENABLE_TESTABILITY = YES;
				GCC_C_LANGUAGE_STANDARD = gnu11;
				GCC_DYNAMIC_NO_PIC = NO;
				GCC_NO_COMMON_BLOCKS = YES;
				GCC_OPTIMIZATION_LEVEL = 0;
				GCC_PREPROCESSOR_DEFINITIONS = (
					"DEBUG=1",
					"$(inherited)",
				);
				GCC_WARN_64_TO_32_BIT_CONVERSION = YES;
				GCC_WARN_ABOUT_RETURN_TYPE = YES_ERROR;
				GCC_WARN_UNDECLARED_SELECTOR = YES;
				GCC_WARN_UNINITIALIZED_AUTOS = YES_AGGRESSIVE;
				GCC_WARN_UNUSED_FUNCTION = YES;
				GCC_WARN_UNUSED_VARIABLE = YES;
				IPHONEOS_DEPLOYMENT_TARGET = 15.5;
				MTL_ENABLE_DEBUG_INFO = INCLUDE_SOURCE;
				MTL_FAST_MATH = YES;
				ONLY_ACTIVE_ARCH = YES;
				SDKROOT = iphoneos;
				SWIFT_ACTIVE_COMPILATION_CONDITIONS = DEBUG;
				SWIFT_OPTIMIZATION_LEVEL = "-Onone";
			};
			name = Debug;
		};
		CA383B4D289583A0002E4408 /* Release */ = {
			isa = XCBuildConfiguration;
			buildSettings = {
				ALWAYS_SEARCH_USER_PATHS = NO;
				CLANG_ANALYZER_NONNULL = YES;
				CLANG_ANALYZER_NUMBER_OBJECT_CONVERSION = YES_AGGRESSIVE;
				CLANG_CXX_LANGUAGE_STANDARD = "gnu++17";
				CLANG_ENABLE_MODULES = YES;
				CLANG_ENABLE_OBJC_ARC = YES;
				CLANG_ENABLE_OBJC_WEAK = YES;
				CLANG_WARN_BLOCK_CAPTURE_AUTORELEASING = YES;
				CLANG_WARN_BOOL_CONVERSION = YES;
				CLANG_WARN_COMMA = YES;
				CLANG_WARN_CONSTANT_CONVERSION = YES;
				CLANG_WARN_DEPRECATED_OBJC_IMPLEMENTATIONS = YES;
				CLANG_WARN_DIRECT_OBJC_ISA_USAGE = YES_ERROR;
				CLANG_WARN_DOCUMENTATION_COMMENTS = YES;
				CLANG_WARN_EMPTY_BODY = YES;
				CLANG_WARN_ENUM_CONVERSION = YES;
				CLANG_WARN_INFINITE_RECURSION = YES;
				CLANG_WARN_INT_CONVERSION = YES;
				CLANG_WARN_NON_LITERAL_NULL_CONVERSION = YES;
				CLANG_WARN_OBJC_IMPLICIT_RETAIN_SELF = YES;
				CLANG_WARN_OBJC_LITERAL_CONVERSION = YES;
				CLANG_WARN_OBJC_ROOT_CLASS = YES_ERROR;
				CLANG_WARN_QUOTED_INCLUDE_IN_FRAMEWORK_HEADER = YES;
				CLANG_WARN_RANGE_LOOP_ANALYSIS = YES;
				CLANG_WARN_STRICT_PROTOTYPES = YES;
				CLANG_WARN_SUSPICIOUS_MOVE = YES;
				CLANG_WARN_UNGUARDED_AVAILABILITY = YES_AGGRESSIVE;
				CLANG_WARN_UNREACHABLE_CODE = YES;
				CLANG_WARN__DUPLICATE_METHOD_MATCH = YES;
				COPY_PHASE_STRIP = NO;
				DEBUG_INFORMATION_FORMAT = "dwarf-with-dsym";
				ENABLE_NS_ASSERTIONS = NO;
				ENABLE_STRICT_OBJC_MSGSEND = YES;
				GCC_C_LANGUAGE_STANDARD = gnu11;
				GCC_NO_COMMON_BLOCKS = YES;
				GCC_WARN_64_TO_32_BIT_CONVERSION = YES;
				GCC_WARN_ABOUT_RETURN_TYPE = YES_ERROR;
				GCC_WARN_UNDECLARED_SELECTOR = YES;
				GCC_WARN_UNINITIALIZED_AUTOS = YES_AGGRESSIVE;
				GCC_WARN_UNUSED_FUNCTION = YES;
				GCC_WARN_UNUSED_VARIABLE = YES;
				IPHONEOS_DEPLOYMENT_TARGET = 15.5;
				MTL_ENABLE_DEBUG_INFO = NO;
				MTL_FAST_MATH = YES;
				SDKROOT = iphoneos;
				SWIFT_COMPILATION_MODE = wholemodule;
				SWIFT_OPTIMIZATION_LEVEL = "-O";
				VALIDATE_PRODUCT = YES;
			};
			name = Release;
		};
		CA383B4F289583A0002E4408 /* Debug */ = {
			isa = XCBuildConfiguration;
			buildSettings = {
				ASSETCATALOG_COMPILER_APPICON_NAME = AppIcon;
				ASSETCATALOG_COMPILER_GLOBAL_ACCENT_COLOR_NAME = AccentColor;
				CODE_SIGN_STYLE = Automatic;
				CURRENT_PROJECT_VERSION = 1;
				DEVELOPMENT_TEAM = 96892H2X4Z;
				GENERATE_INFOPLIST_FILE = YES;
				INFOPLIST_FILE = Code/SupportingFiles/Info.plist;
				INFOPLIST_KEY_UIApplicationSupportsIndirectInputEvents = YES;
				INFOPLIST_KEY_UILaunchStoryboardName = LaunchScreen;
				INFOPLIST_KEY_UISupportedInterfaceOrientations_iPad = "UIInterfaceOrientationPortrait UIInterfaceOrientationPortraitUpsideDown UIInterfaceOrientationLandscapeLeft UIInterfaceOrientationLandscapeRight";
				INFOPLIST_KEY_UISupportedInterfaceOrientations_iPhone = "UIInterfaceOrientationPortrait UIInterfaceOrientationLandscapeLeft UIInterfaceOrientationLandscapeRight";
				LD_RUNPATH_SEARCH_PATHS = (
					"$(inherited)",
					"@executable_path/Frameworks",
				);
				MARKETING_VERSION = 1.0;
				PRODUCT_BUNDLE_IDENTIFIER = "com.mentoringCinema.Mentoring-O1";
				PRODUCT_NAME = "$(TARGET_NAME)";
				SWIFT_EMIT_LOC_STRINGS = YES;
				SWIFT_VERSION = 5.0;
				TARGETED_DEVICE_FAMILY = "1,2";
			};
			name = Debug;
		};
		CA383B50289583A0002E4408 /* Release */ = {
			isa = XCBuildConfiguration;
			buildSettings = {
				ASSETCATALOG_COMPILER_APPICON_NAME = AppIcon;
				ASSETCATALOG_COMPILER_GLOBAL_ACCENT_COLOR_NAME = AccentColor;
				CODE_SIGN_STYLE = Automatic;
				CURRENT_PROJECT_VERSION = 1;
				DEVELOPMENT_TEAM = 96892H2X4Z;
				GENERATE_INFOPLIST_FILE = YES;
				INFOPLIST_FILE = Code/SupportingFiles/Info.plist;
				INFOPLIST_KEY_UIApplicationSupportsIndirectInputEvents = YES;
				INFOPLIST_KEY_UILaunchStoryboardName = LaunchScreen;
				INFOPLIST_KEY_UISupportedInterfaceOrientations_iPad = "UIInterfaceOrientationPortrait UIInterfaceOrientationPortraitUpsideDown UIInterfaceOrientationLandscapeLeft UIInterfaceOrientationLandscapeRight";
				INFOPLIST_KEY_UISupportedInterfaceOrientations_iPhone = "UIInterfaceOrientationPortrait UIInterfaceOrientationLandscapeLeft UIInterfaceOrientationLandscapeRight";
				LD_RUNPATH_SEARCH_PATHS = (
					"$(inherited)",
					"@executable_path/Frameworks",
				);
				MARKETING_VERSION = 1.0;
				PRODUCT_BUNDLE_IDENTIFIER = "com.mentoringCinema.Mentoring-O1";
				PRODUCT_NAME = "$(TARGET_NAME)";
				SWIFT_EMIT_LOC_STRINGS = YES;
				SWIFT_VERSION = 5.0;
				TARGETED_DEVICE_FAMILY = "1,2";
			};
			name = Release;
		};
		CA62BBE02A7281D7004BCDF1 /* Debug */ = {
			isa = XCBuildConfiguration;
			buildSettings = {
				BUNDLE_LOADER = "$(TEST_HOST)";
				CLANG_CXX_LANGUAGE_STANDARD = "gnu++20";
				CODE_SIGN_STYLE = Automatic;
				CURRENT_PROJECT_VERSION = 1;
				DEVELOPMENT_TEAM = 3LU5X82S3M;
				GENERATE_INFOPLIST_FILE = YES;
				IPHONEOS_DEPLOYMENT_TARGET = 16.4;
				MARKETING_VERSION = 1.0;
				PRODUCT_BUNDLE_IDENTIFIER = "com.mentoringCinema.Mentoring-O1Tests";
				PRODUCT_NAME = "$(TARGET_NAME)";
				SWIFT_EMIT_LOC_STRINGS = NO;
				SWIFT_VERSION = 5.0;
				TARGETED_DEVICE_FAMILY = "1,2";
				TEST_HOST = "$(BUILT_PRODUCTS_DIR)/Mentoring-O1.app/$(BUNDLE_EXECUTABLE_FOLDER_PATH)/Mentoring-O1";
			};
			name = Debug;
		};
		CA62BBE12A7281D7004BCDF1 /* Release */ = {
			isa = XCBuildConfiguration;
			buildSettings = {
				BUNDLE_LOADER = "$(TEST_HOST)";
				CLANG_CXX_LANGUAGE_STANDARD = "gnu++20";
				CODE_SIGN_STYLE = Automatic;
				CURRENT_PROJECT_VERSION = 1;
				DEVELOPMENT_TEAM = 3LU5X82S3M;
				GENERATE_INFOPLIST_FILE = YES;
				IPHONEOS_DEPLOYMENT_TARGET = 16.4;
				MARKETING_VERSION = 1.0;
				PRODUCT_BUNDLE_IDENTIFIER = "com.mentoringCinema.Mentoring-O1Tests";
				PRODUCT_NAME = "$(TARGET_NAME)";
				SWIFT_EMIT_LOC_STRINGS = NO;
				SWIFT_VERSION = 5.0;
				TARGETED_DEVICE_FAMILY = "1,2";
				TEST_HOST = "$(BUILT_PRODUCTS_DIR)/Mentoring-O1.app/$(BUNDLE_EXECUTABLE_FOLDER_PATH)/Mentoring-O1";
			};
			name = Release;
		};
/* End XCBuildConfiguration section */

/* Begin XCConfigurationList section */
		CA383B352895839F002E4408 /* Build configuration list for PBXProject "Mentoring-O1" */ = {
			isa = XCConfigurationList;
			buildConfigurations = (
				CA383B4C289583A0002E4408 /* Debug */,
				CA383B4D289583A0002E4408 /* Release */,
			);
			defaultConfigurationIsVisible = 0;
			defaultConfigurationName = Release;
		};
		CA383B4E289583A0002E4408 /* Build configuration list for PBXNativeTarget "Mentoring-O1" */ = {
			isa = XCConfigurationList;
			buildConfigurations = (
				CA383B4F289583A0002E4408 /* Debug */,
				CA383B50289583A0002E4408 /* Release */,
			);
			defaultConfigurationIsVisible = 0;
			defaultConfigurationName = Release;
		};
		CA62BBE22A7281D7004BCDF1 /* Build configuration list for PBXNativeTarget "Mentoring-O1Tests" */ = {
			isa = XCConfigurationList;
			buildConfigurations = (
				CA62BBE02A7281D7004BCDF1 /* Debug */,
				CA62BBE12A7281D7004BCDF1 /* Release */,
			);
			defaultConfigurationIsVisible = 0;
			defaultConfigurationName = Release;
		};
/* End XCConfigurationList section */

/* Begin XCRemoteSwiftPackageReference section */
		CA93CDB9299E64E700D9A6B3 /* XCRemoteSwiftPackageReference "SDWebImage" */ = {
			isa = XCRemoteSwiftPackageReference;
			repositoryURL = "https://github.com/SDWebImage/SDWebImage.git";
			requirement = {
				kind = upToNextMajorVersion;
				minimumVersion = 5.0.0;
			};
		};
/* End XCRemoteSwiftPackageReference section */

/* Begin XCSwiftPackageProductDependency section */
		CA93CDBA299E64E700D9A6B3 /* SDWebImage */ = {
			isa = XCSwiftPackageProductDependency;
			package = CA93CDB9299E64E700D9A6B3 /* XCRemoteSwiftPackageReference "SDWebImage" */;
			productName = SDWebImage;
		};
/* End XCSwiftPackageProductDependency section */
	};
	rootObject = CA383B322895839F002E4408 /* Project object */;
}
